// !$*UTF8*$!
{
	archiveVersion = 1;
	classes = {
	};
	objectVersion = 46;
	objects = {

/* Begin PBXBuildFile section */
		BF17FB901B2B48D6007D19C2 /* launch_retina.png in Resources */ = {isa = PBXBuildFile; fileRef = BF17FB8E1B2B48D6007D19C2 /* launch_retina.png */; };
		BF17FB911B2B48D6007D19C2 /* launch_iphone.png in Resources */ = {isa = PBXBuildFile; fileRef = BF17FB8F1B2B48D6007D19C2 /* launch_iphone.png */; };
		BF1B3BDB1B21EABE000BED6B /* produban-logo-.png in Resources */ = {isa = PBXBuildFile; fileRef = BF1B3BD91B21EABE000BED6B /* produban-logo-.png */; };
		BF1B3BDC1B21EABE000BED6B /* Logo_BancoSantander.png in Resources */ = {isa = PBXBuildFile; fileRef = BF1B3BDA1B21EABE000BED6B /* Logo_BancoSantander.png */; };
		BF2121A81B3453A100A5D126 /* UIColor+MobileColors.m in Sources */ = {isa = PBXBuildFile; fileRef = BF2121A71B3453A100A5D126 /* UIColor+MobileColors.m */; };
		BF2121AB1B3453B600A5D126 /* OTPAuthBarClock.m in Sources */ = {isa = PBXBuildFile; fileRef = BF2121AA1B3453B600A5D126 /* OTPAuthBarClock.m */; };
		BF257C081B175682001FA169 /* TPPropertyAnimation.m in Sources */ = {isa = PBXBuildFile; fileRef = BF257C051B175682001FA169 /* TPPropertyAnimation.m */; };
		BF257C091B175682001FA169 /* KAProgressLabel.m in Sources */ = {isa = PBXBuildFile; fileRef = BF257C071B175682001FA169 /* KAProgressLabel.m */; };
		BF43D2611B260E1F00D4B1AC /* OTPDao.m in Sources */ = {isa = PBXBuildFile; fileRef = BF43D2601B260E1F00D4B1AC /* OTPDao.m */; };
		BF43D2681B260F9F00D4B1AC /* OTP.m in Sources */ = {isa = PBXBuildFile; fileRef = BF43D2671B260F9F00D4B1AC /* OTP.m */; };
		BF43D26C1B26116C00D4B1AC /* OTPController.m in Sources */ = {isa = PBXBuildFile; fileRef = BF43D26B1B26116C00D4B1AC /* OTPController.m */; };
		BF43D27B1B26198100D4B1AC /* AGTotp.m in Sources */ = {isa = PBXBuildFile; fileRef = BF43D2721B26198100D4B1AC /* AGTotp.m */; };
		BF43D27C1B26198100D4B1AC /* AGOtp.m in Sources */ = {isa = PBXBuildFile; fileRef = BF43D2741B26198100D4B1AC /* AGOtp.m */; };
		BF43D27D1B26198100D4B1AC /* AGClock.m in Sources */ = {isa = PBXBuildFile; fileRef = BF43D2761B26198100D4B1AC /* AGClock.m */; };
		BF43D27E1B26198100D4B1AC /* AGStringEncoding.m in Sources */ = {isa = PBXBuildFile; fileRef = BF43D2781B26198100D4B1AC /* AGStringEncoding.m */; };
		BF43D27F1B26198100D4B1AC /* AGBase32.m in Sources */ = {isa = PBXBuildFile; fileRef = BF43D27A1B26198100D4B1AC /* AGBase32.m */; };
		BF43D2821B261C9500D4B1AC /* OTPGen.m in Sources */ = {isa = PBXBuildFile; fileRef = BF43D2811B261C9500D4B1AC /* OTPGen.m */; };
		BF466A591B1646E60004DCFC /* QrCodeViewController.m in Sources */ = {isa = PBXBuildFile; fileRef = BF466A571B1646E60004DCFC /* QrCodeViewController.m */; };
		BF466A5A1B1646E60004DCFC /* QrCodeViewController.xib in Resources */ = {isa = PBXBuildFile; fileRef = BF466A581B1646E60004DCFC /* QrCodeViewController.xib */; };
		BF4D96C61B33253F00456B61 /* OTPTableViewController.m in Sources */ = {isa = PBXBuildFile; fileRef = BF4D96C41B33253F00456B61 /* OTPTableViewController.m */; };
		BF4D96C71B33253F00456B61 /* OTPTableViewController.xib in Resources */ = {isa = PBXBuildFile; fileRef = BF4D96C51B33253F00456B61 /* OTPTableViewController.xib */; };
		BF4D96CC1B3326E700456B61 /* OTPTableViewCell.m in Sources */ = {isa = PBXBuildFile; fileRef = BF4D96CA1B3326E700456B61 /* OTPTableViewCell.m */; };
		BF4D96CD1B3326E700456B61 /* OTPTableViewCell.xib in Resources */ = {isa = PBXBuildFile; fileRef = BF4D96CB1B3326E700456B61 /* OTPTableViewCell.xib */; };
		BF554B1E1B14F29E00FB2EEE /* Foundation.framework in Frameworks */ = {isa = PBXBuildFile; fileRef = BF554B1D1B14F29E00FB2EEE /* Foundation.framework */; };
		BF554B201B14F29E00FB2EEE /* CoreGraphics.framework in Frameworks */ = {isa = PBXBuildFile; fileRef = BF554B1F1B14F29E00FB2EEE /* CoreGraphics.framework */; };
		BF554B221B14F29E00FB2EEE /* UIKit.framework in Frameworks */ = {isa = PBXBuildFile; fileRef = BF554B211B14F29E00FB2EEE /* UIKit.framework */; };
		BF554B241B14F29E00FB2EEE /* CoreData.framework in Frameworks */ = {isa = PBXBuildFile; fileRef = BF554B231B14F29E00FB2EEE /* CoreData.framework */; };
		BF554B2A1B14F29E00FB2EEE /* InfoPlist.strings in Resources */ = {isa = PBXBuildFile; fileRef = BF554B281B14F29E00FB2EEE /* InfoPlist.strings */; };
		BF554B2C1B14F29E00FB2EEE /* main.m in Sources */ = {isa = PBXBuildFile; fileRef = BF554B2B1B14F29E00FB2EEE /* main.m */; };
		BF554B301B14F29E00FB2EEE /* AppDelegate.m in Sources */ = {isa = PBXBuildFile; fileRef = BF554B2F1B14F29E00FB2EEE /* AppDelegate.m */; };
		BF554B331B14F29E00FB2EEE /* OTP_Test.xcdatamodeld in Sources */ = {isa = PBXBuildFile; fileRef = BF554B311B14F29E00FB2EEE /* OTP_Test.xcdatamodeld */; };
		BF554B351B14F29E00FB2EEE /* Images.xcassets in Resources */ = {isa = PBXBuildFile; fileRef = BF554B341B14F29E00FB2EEE /* Images.xcassets */; };
		BF554B3C1B14F29E00FB2EEE /* XCTest.framework in Frameworks */ = {isa = PBXBuildFile; fileRef = BF554B3B1B14F29E00FB2EEE /* XCTest.framework */; };
		BF554B3D1B14F29E00FB2EEE /* Foundation.framework in Frameworks */ = {isa = PBXBuildFile; fileRef = BF554B1D1B14F29E00FB2EEE /* Foundation.framework */; };
		BF554B3E1B14F29E00FB2EEE /* UIKit.framework in Frameworks */ = {isa = PBXBuildFile; fileRef = BF554B211B14F29E00FB2EEE /* UIKit.framework */; };
		BF554B3F1B14F29E00FB2EEE /* CoreData.framework in Frameworks */ = {isa = PBXBuildFile; fileRef = BF554B231B14F29E00FB2EEE /* CoreData.framework */; };
		BF554B471B14F29E00FB2EEE /* InfoPlist.strings in Resources */ = {isa = PBXBuildFile; fileRef = BF554B451B14F29E00FB2EEE /* InfoPlist.strings */; };
		BF554B491B14F29E00FB2EEE /* OTP_TestTests.m in Sources */ = {isa = PBXBuildFile; fileRef = BF554B481B14F29E00FB2EEE /* OTP_TestTests.m */; };
		BF554B561B14F2DE00FB2EEE /* OtpViewController.m in Sources */ = {isa = PBXBuildFile; fileRef = BF554B541B14F2DE00FB2EEE /* OtpViewController.m */; };
		BF554B571B14F2DE00FB2EEE /* OtpViewController.xib in Resources */ = {isa = PBXBuildFile; fileRef = BF554B551B14F2DE00FB2EEE /* OtpViewController.xib */; };
		BF554B591B14F3C500FB2EEE /* bg.png in Resources */ = {isa = PBXBuildFile; fileRef = BF554B581B14F3C500FB2EEE /* bg.png */; };
		BF554B601B14F64000FB2EEE /* OTPGenerator.m in Sources */ = {isa = PBXBuildFile; fileRef = BF554B5B1B14F64000FB2EEE /* OTPGenerator.m */; };
		BF554B611B14F64000FB2EEE /* TOTPGenerator.m in Sources */ = {isa = PBXBuildFile; fileRef = BF554B5D1B14F64000FB2EEE /* TOTPGenerator.m */; };
		BF554B621B14F64000FB2EEE /* MF_Base32Additions.m in Sources */ = {isa = PBXBuildFile; fileRef = BF554B5F1B14F64000FB2EEE /* MF_Base32Additions.m */; };
		BFAA1BC81B31FA1F0040B13F /* copiar.png in Resources */ = {isa = PBXBuildFile; fileRef = BFAA1BC71B31FA1F0040B13F /* copiar.png */; };
		BFB8493C1B28C4B700214B7B /* produban-logo.png in Resources */ = {isa = PBXBuildFile; fileRef = BFB8493B1B28C4B700214B7B /* produban-logo.png */; };
		BFB849401B28D7BB00214B7B /* logo-60.png in Resources */ = {isa = PBXBuildFile; fileRef = BFB8493D1B28D7BB00214B7B /* logo-60.png */; };
		BFB849411B28D7BB00214B7B /* logo-40.png in Resources */ = {isa = PBXBuildFile; fileRef = BFB8493E1B28D7BB00214B7B /* logo-40.png */; };
		BFB849421B28D7BB00214B7B /* logo-29.png in Resources */ = {isa = PBXBuildFile; fileRef = BFB8493F1B28D7BB00214B7B /* logo-29.png */; };
		BFB849471B28DA0400214B7B /* logo-120.png in Resources */ = {isa = PBXBuildFile; fileRef = BFB849431B28DA0400214B7B /* logo-120.png */; };
		BFB849481B28DA0400214B7B /* logo-80.png in Resources */ = {isa = PBXBuildFile; fileRef = BFB849441B28DA0400214B7B /* logo-80.png */; };
		BFB849491B28DA0400214B7B /* logo-58.png in Resources */ = {isa = PBXBuildFile; fileRef = BFB849451B28DA0400214B7B /* logo-58.png */; };
		BFB8494A1B28DA0400214B7B /* logo-96.png in Resources */ = {isa = PBXBuildFile; fileRef = BFB849461B28DA0400214B7B /* logo-96.png */; };
/* End PBXBuildFile section */

/* Begin PBXContainerItemProxy section */
		BF554B401B14F29E00FB2EEE /* PBXContainerItemProxy */ = {
			isa = PBXContainerItemProxy;
			containerPortal = BF554B121B14F29E00FB2EEE /* Project object */;
			proxyType = 1;
			remoteGlobalIDString = BF554B191B14F29E00FB2EEE;
			remoteInfo = "OTP-Test";
		};
/* End PBXContainerItemProxy section */

/* Begin PBXFileReference section */
		BF17FB8E1B2B48D6007D19C2 /* launch_retina.png */ = {isa = PBXFileReference; lastKnownFileType = image.png; path = launch_retina.png; sourceTree = "<group>"; };
		BF17FB8F1B2B48D6007D19C2 /* launch_iphone.png */ = {isa = PBXFileReference; lastKnownFileType = image.png; path = launch_iphone.png; sourceTree = "<group>"; };
		BF1B3BD91B21EABE000BED6B /* produban-logo-.png */ = {isa = PBXFileReference; lastKnownFileType = image.png; path = "produban-logo-.png"; sourceTree = "<group>"; };
		BF1B3BDA1B21EABE000BED6B /* Logo_BancoSantander.png */ = {isa = PBXFileReference; lastKnownFileType = image.png; path = Logo_BancoSantander.png; sourceTree = "<group>"; };
		BF2121A61B3453A100A5D126 /* UIColor+MobileColors.h */ = {isa = PBXFileReference; fileEncoding = 4; lastKnownFileType = sourcecode.c.h; path = "UIColor+MobileColors.h"; sourceTree = "<group>"; };
		BF2121A71B3453A100A5D126 /* UIColor+MobileColors.m */ = {isa = PBXFileReference; fileEncoding = 4; lastKnownFileType = sourcecode.c.objc; path = "UIColor+MobileColors.m"; sourceTree = "<group>"; };
		BF2121A91B3453B600A5D126 /* OTPAuthBarClock.h */ = {isa = PBXFileReference; fileEncoding = 4; lastKnownFileType = sourcecode.c.h; path = OTPAuthBarClock.h; sourceTree = "<group>"; };
		BF2121AA1B3453B600A5D126 /* OTPAuthBarClock.m */ = {isa = PBXFileReference; fileEncoding = 4; lastKnownFileType = sourcecode.c.objc; path = OTPAuthBarClock.m; sourceTree = "<group>"; };
		BF257C041B175682001FA169 /* TPPropertyAnimation.h */ = {isa = PBXFileReference; fileEncoding = 4; lastKnownFileType = sourcecode.c.h; path = TPPropertyAnimation.h; sourceTree = "<group>"; };
		BF257C051B175682001FA169 /* TPPropertyAnimation.m */ = {isa = PBXFileReference; fileEncoding = 4; lastKnownFileType = sourcecode.c.objc; path = TPPropertyAnimation.m; sourceTree = "<group>"; };
		BF257C061B175682001FA169 /* KAProgressLabel.h */ = {isa = PBXFileReference; fileEncoding = 4; lastKnownFileType = sourcecode.c.h; path = KAProgressLabel.h; sourceTree = "<group>"; };
		BF257C071B175682001FA169 /* KAProgressLabel.m */ = {isa = PBXFileReference; fileEncoding = 4; lastKnownFileType = sourcecode.c.objc; path = KAProgressLabel.m; sourceTree = "<group>"; };
		BF43D25F1B260E1F00D4B1AC /* OTPDao.h */ = {isa = PBXFileReference; fileEncoding = 4; lastKnownFileType = sourcecode.c.h; path = OTPDao.h; sourceTree = "<group>"; };
		BF43D2601B260E1F00D4B1AC /* OTPDao.m */ = {isa = PBXFileReference; fileEncoding = 4; lastKnownFileType = sourcecode.c.objc; path = OTPDao.m; sourceTree = "<group>"; };
		BF43D2661B260F9F00D4B1AC /* OTP.h */ = {isa = PBXFileReference; fileEncoding = 4; lastKnownFileType = sourcecode.c.h; path = OTP.h; sourceTree = "<group>"; };
		BF43D2671B260F9F00D4B1AC /* OTP.m */ = {isa = PBXFileReference; fileEncoding = 4; lastKnownFileType = sourcecode.c.objc; path = OTP.m; sourceTree = "<group>"; };
		BF43D26A1B26116C00D4B1AC /* OTPController.h */ = {isa = PBXFileReference; fileEncoding = 4; lastKnownFileType = sourcecode.c.h; path = OTPController.h; sourceTree = "<group>"; };
		BF43D26B1B26116C00D4B1AC /* OTPController.m */ = {isa = PBXFileReference; fileEncoding = 4; lastKnownFileType = sourcecode.c.objc; path = OTPController.m; sourceTree = "<group>"; };
		BF43D26E1B2612FE00D4B1AC /* IOTP.h */ = {isa = PBXFileReference; lastKnownFileType = sourcecode.c.h; path = IOTP.h; sourceTree = "<group>"; };
		BF43D2711B26198100D4B1AC /* AGTotp.h */ = {isa = PBXFileReference; fileEncoding = 4; lastKnownFileType = sourcecode.c.h; path = AGTotp.h; sourceTree = "<group>"; };
		BF43D2721B26198100D4B1AC /* AGTotp.m */ = {isa = PBXFileReference; fileEncoding = 4; lastKnownFileType = sourcecode.c.objc; path = AGTotp.m; sourceTree = "<group>"; };
		BF43D2731B26198100D4B1AC /* AGOtp.h */ = {isa = PBXFileReference; fileEncoding = 4; lastKnownFileType = sourcecode.c.h; path = AGOtp.h; sourceTree = "<group>"; };
		BF43D2741B26198100D4B1AC /* AGOtp.m */ = {isa = PBXFileReference; fileEncoding = 4; lastKnownFileType = sourcecode.c.objc; path = AGOtp.m; sourceTree = "<group>"; };
		BF43D2751B26198100D4B1AC /* AGClock.h */ = {isa = PBXFileReference; fileEncoding = 4; lastKnownFileType = sourcecode.c.h; path = AGClock.h; sourceTree = "<group>"; };
		BF43D2761B26198100D4B1AC /* AGClock.m */ = {isa = PBXFileReference; fileEncoding = 4; lastKnownFileType = sourcecode.c.objc; path = AGClock.m; sourceTree = "<group>"; };
		BF43D2771B26198100D4B1AC /* AGStringEncoding.h */ = {isa = PBXFileReference; fileEncoding = 4; lastKnownFileType = sourcecode.c.h; path = AGStringEncoding.h; sourceTree = "<group>"; };
		BF43D2781B26198100D4B1AC /* AGStringEncoding.m */ = {isa = PBXFileReference; fileEncoding = 4; lastKnownFileType = sourcecode.c.objc; path = AGStringEncoding.m; sourceTree = "<group>"; };
		BF43D2791B26198100D4B1AC /* AGBase32.h */ = {isa = PBXFileReference; fileEncoding = 4; lastKnownFileType = sourcecode.c.h; path = AGBase32.h; sourceTree = "<group>"; };
		BF43D27A1B26198100D4B1AC /* AGBase32.m */ = {isa = PBXFileReference; fileEncoding = 4; lastKnownFileType = sourcecode.c.objc; path = AGBase32.m; sourceTree = "<group>"; };
		BF43D2801B261C9500D4B1AC /* OTPGen.h */ = {isa = PBXFileReference; fileEncoding = 4; lastKnownFileType = sourcecode.c.h; path = OTPGen.h; sourceTree = "<group>"; };
		BF43D2811B261C9500D4B1AC /* OTPGen.m */ = {isa = PBXFileReference; fileEncoding = 4; lastKnownFileType = sourcecode.c.objc; path = OTPGen.m; sourceTree = "<group>"; };
		BF466A561B1646E60004DCFC /* QrCodeViewController.h */ = {isa = PBXFileReference; fileEncoding = 4; lastKnownFileType = sourcecode.c.h; path = QrCodeViewController.h; sourceTree = "<group>"; };
		BF466A571B1646E60004DCFC /* QrCodeViewController.m */ = {isa = PBXFileReference; fileEncoding = 4; lastKnownFileType = sourcecode.c.objc; path = QrCodeViewController.m; sourceTree = "<group>"; };
		BF466A581B1646E60004DCFC /* QrCodeViewController.xib */ = {isa = PBXFileReference; fileEncoding = 4; lastKnownFileType = file.xib; path = QrCodeViewController.xib; sourceTree = "<group>"; };
		BF466A5B1B1649A10004DCFC /* QrCodeDelegate.h */ = {isa = PBXFileReference; lastKnownFileType = sourcecode.c.h; path = QrCodeDelegate.h; sourceTree = "<group>"; };
		BF4D96C31B33253F00456B61 /* OTPTableViewController.h */ = {isa = PBXFileReference; fileEncoding = 4; lastKnownFileType = sourcecode.c.h; name = OTPTableViewController.h; path = ../OTPTableViewController.h; sourceTree = "<group>"; };
		BF4D96C41B33253F00456B61 /* OTPTableViewController.m */ = {isa = PBXFileReference; fileEncoding = 4; lastKnownFileType = sourcecode.c.objc; name = OTPTableViewController.m; path = ../OTPTableViewController.m; sourceTree = "<group>"; };
		BF4D96C51B33253F00456B61 /* OTPTableViewController.xib */ = {isa = PBXFileReference; fileEncoding = 4; lastKnownFileType = file.xib; name = OTPTableViewController.xib; path = ../OTPTableViewController.xib; sourceTree = "<group>"; };
		BF4D96C91B3326E700456B61 /* OTPTableViewCell.h */ = {isa = PBXFileReference; fileEncoding = 4; lastKnownFileType = sourcecode.c.h; path = OTPTableViewCell.h; sourceTree = "<group>"; };
		BF4D96CA1B3326E700456B61 /* OTPTableViewCell.m */ = {isa = PBXFileReference; fileEncoding = 4; lastKnownFileType = sourcecode.c.objc; path = OTPTableViewCell.m; sourceTree = "<group>"; };
		BF4D96CB1B3326E700456B61 /* OTPTableViewCell.xib */ = {isa = PBXFileReference; fileEncoding = 4; lastKnownFileType = file.xib; path = OTPTableViewCell.xib; sourceTree = "<group>"; };
		BF554B1A1B14F29E00FB2EEE /* OTP-Test.app */ = {isa = PBXFileReference; explicitFileType = wrapper.application; includeInIndex = 0; path = "OTP-Test.app"; sourceTree = BUILT_PRODUCTS_DIR; };
		BF554B1D1B14F29E00FB2EEE /* Foundation.framework */ = {isa = PBXFileReference; lastKnownFileType = wrapper.framework; name = Foundation.framework; path = System/Library/Frameworks/Foundation.framework; sourceTree = SDKROOT; };
		BF554B1F1B14F29E00FB2EEE /* CoreGraphics.framework */ = {isa = PBXFileReference; lastKnownFileType = wrapper.framework; name = CoreGraphics.framework; path = System/Library/Frameworks/CoreGraphics.framework; sourceTree = SDKROOT; };
		BF554B211B14F29E00FB2EEE /* UIKit.framework */ = {isa = PBXFileReference; lastKnownFileType = wrapper.framework; name = UIKit.framework; path = System/Library/Frameworks/UIKit.framework; sourceTree = SDKROOT; };
		BF554B231B14F29E00FB2EEE /* CoreData.framework */ = {isa = PBXFileReference; lastKnownFileType = wrapper.framework; name = CoreData.framework; path = System/Library/Frameworks/CoreData.framework; sourceTree = SDKROOT; };
		BF554B271B14F29E00FB2EEE /* OTP-Test-Info.plist */ = {isa = PBXFileReference; lastKnownFileType = text.plist.xml; path = "OTP-Test-Info.plist"; sourceTree = "<group>"; };
		BF554B291B14F29E00FB2EEE /* en */ = {isa = PBXFileReference; lastKnownFileType = text.plist.strings; name = en; path = en.lproj/InfoPlist.strings; sourceTree = "<group>"; };
		BF554B2B1B14F29E00FB2EEE /* main.m */ = {isa = PBXFileReference; lastKnownFileType = sourcecode.c.objc; path = main.m; sourceTree = "<group>"; };
		BF554B2D1B14F29E00FB2EEE /* OTP-Test-Prefix.pch */ = {isa = PBXFileReference; lastKnownFileType = sourcecode.c.h; path = "OTP-Test-Prefix.pch"; sourceTree = "<group>"; };
		BF554B2E1B14F29E00FB2EEE /* AppDelegate.h */ = {isa = PBXFileReference; lastKnownFileType = sourcecode.c.h; path = AppDelegate.h; sourceTree = "<group>"; };
		BF554B2F1B14F29E00FB2EEE /* AppDelegate.m */ = {isa = PBXFileReference; lastKnownFileType = sourcecode.c.objc; path = AppDelegate.m; sourceTree = "<group>"; };
		BF554B321B14F29E00FB2EEE /* OTP_Test.xcdatamodel */ = {isa = PBXFileReference; lastKnownFileType = wrapper.xcdatamodel; path = OTP_Test.xcdatamodel; sourceTree = "<group>"; };
		BF554B341B14F29E00FB2EEE /* Images.xcassets */ = {isa = PBXFileReference; lastKnownFileType = folder.assetcatalog; path = Images.xcassets; sourceTree = "<group>"; };
		BF554B3A1B14F29E00FB2EEE /* OTP-TestTests.xctest */ = {isa = PBXFileReference; explicitFileType = wrapper.cfbundle; includeInIndex = 0; path = "OTP-TestTests.xctest"; sourceTree = BUILT_PRODUCTS_DIR; };
		BF554B3B1B14F29E00FB2EEE /* XCTest.framework */ = {isa = PBXFileReference; lastKnownFileType = wrapper.framework; name = XCTest.framework; path = Library/Frameworks/XCTest.framework; sourceTree = DEVELOPER_DIR; };
		BF554B441B14F29E00FB2EEE /* OTP-TestTests-Info.plist */ = {isa = PBXFileReference; lastKnownFileType = text.plist.xml; path = "OTP-TestTests-Info.plist"; sourceTree = "<group>"; };
		BF554B461B14F29E00FB2EEE /* en */ = {isa = PBXFileReference; lastKnownFileType = text.plist.strings; name = en; path = en.lproj/InfoPlist.strings; sourceTree = "<group>"; };
		BF554B481B14F29E00FB2EEE /* OTP_TestTests.m */ = {isa = PBXFileReference; lastKnownFileType = sourcecode.c.objc; path = OTP_TestTests.m; sourceTree = "<group>"; };
		BF554B531B14F2DE00FB2EEE /* OtpViewController.h */ = {isa = PBXFileReference; fileEncoding = 4; lastKnownFileType = sourcecode.c.h; name = OtpViewController.h; path = "OTP-Test/OtpViewController.h"; sourceTree = "<group>"; };
		BF554B541B14F2DE00FB2EEE /* OtpViewController.m */ = {isa = PBXFileReference; fileEncoding = 4; lastKnownFileType = sourcecode.c.objc; name = OtpViewController.m; path = "OTP-Test/OtpViewController.m"; sourceTree = "<group>"; };
		BF554B551B14F2DE00FB2EEE /* OtpViewController.xib */ = {isa = PBXFileReference; fileEncoding = 4; lastKnownFileType = file.xib; name = OtpViewController.xib; path = "OTP-Test/OtpViewController.xib"; sourceTree = "<group>"; };
		BF554B581B14F3C500FB2EEE /* bg.png */ = {isa = PBXFileReference; lastKnownFileType = image.png; path = bg.png; sourceTree = "<group>"; };
		BF554B5A1B14F64000FB2EEE /* OTPGenerator.h */ = {isa = PBXFileReference; fileEncoding = 4; lastKnownFileType = sourcecode.c.h; path = OTPGenerator.h; sourceTree = "<group>"; };
		BF554B5B1B14F64000FB2EEE /* OTPGenerator.m */ = {isa = PBXFileReference; fileEncoding = 4; lastKnownFileType = sourcecode.c.objc; path = OTPGenerator.m; sourceTree = "<group>"; };
		BF554B5C1B14F64000FB2EEE /* TOTPGenerator.h */ = {isa = PBXFileReference; fileEncoding = 4; lastKnownFileType = sourcecode.c.h; path = TOTPGenerator.h; sourceTree = "<group>"; };
		BF554B5D1B14F64000FB2EEE /* TOTPGenerator.m */ = {isa = PBXFileReference; fileEncoding = 4; lastKnownFileType = sourcecode.c.objc; path = TOTPGenerator.m; sourceTree = "<group>"; };
		BF554B5E1B14F64000FB2EEE /* MF_Base32Additions.h */ = {isa = PBXFileReference; fileEncoding = 4; lastKnownFileType = sourcecode.c.h; path = MF_Base32Additions.h; sourceTree = "<group>"; };
		BF554B5F1B14F64000FB2EEE /* MF_Base32Additions.m */ = {isa = PBXFileReference; fileEncoding = 4; lastKnownFileType = sourcecode.c.objc; path = MF_Base32Additions.m; sourceTree = "<group>"; };
		BFAA1BC71B31FA1F0040B13F /* copiar.png */ = {isa = PBXFileReference; lastKnownFileType = image.png; path = copiar.png; sourceTree = "<group>"; };
		BFB8493B1B28C4B700214B7B /* produban-logo.png */ = {isa = PBXFileReference; lastKnownFileType = image.png; path = "produban-logo.png"; sourceTree = "<group>"; };
		BFB8493D1B28D7BB00214B7B /* logo-60.png */ = {isa = PBXFileReference; lastKnownFileType = image.png; path = "logo-60.png"; sourceTree = "<group>"; };
		BFB8493E1B28D7BB00214B7B /* logo-40.png */ = {isa = PBXFileReference; lastKnownFileType = image.png; path = "logo-40.png"; sourceTree = "<group>"; };
		BFB8493F1B28D7BB00214B7B /* logo-29.png */ = {isa = PBXFileReference; lastKnownFileType = image.png; path = "logo-29.png"; sourceTree = "<group>"; };
		BFB849431B28DA0400214B7B /* logo-120.png */ = {isa = PBXFileReference; lastKnownFileType = image.png; path = "logo-120.png"; sourceTree = "<group>"; };
		BFB849441B28DA0400214B7B /* logo-80.png */ = {isa = PBXFileReference; lastKnownFileType = image.png; path = "logo-80.png"; sourceTree = "<group>"; };
		BFB849451B28DA0400214B7B /* logo-58.png */ = {isa = PBXFileReference; lastKnownFileType = image.png; path = "logo-58.png"; sourceTree = "<group>"; };
		BFB849461B28DA0400214B7B /* logo-96.png */ = {isa = PBXFileReference; lastKnownFileType = image.png; path = "logo-96.png"; sourceTree = "<group>"; };
/* End PBXFileReference section */

/* Begin PBXFrameworksBuildPhase section */
		BF554B171B14F29E00FB2EEE /* Frameworks */ = {
			isa = PBXFrameworksBuildPhase;
			buildActionMask = 2147483647;
			files = (
				BF554B201B14F29E00FB2EEE /* CoreGraphics.framework in Frameworks */,
				BF554B241B14F29E00FB2EEE /* CoreData.framework in Frameworks */,
				BF554B221B14F29E00FB2EEE /* UIKit.framework in Frameworks */,
				BF554B1E1B14F29E00FB2EEE /* Foundation.framework in Frameworks */,
			);
			runOnlyForDeploymentPostprocessing = 0;
		};
		BF554B371B14F29E00FB2EEE /* Frameworks */ = {
			isa = PBXFrameworksBuildPhase;
			buildActionMask = 2147483647;
			files = (
				BF554B3C1B14F29E00FB2EEE /* XCTest.framework in Frameworks */,
				BF554B3F1B14F29E00FB2EEE /* CoreData.framework in Frameworks */,
				BF554B3E1B14F29E00FB2EEE /* UIKit.framework in Frameworks */,
				BF554B3D1B14F29E00FB2EEE /* Foundation.framework in Frameworks */,
			);
			runOnlyForDeploymentPostprocessing = 0;
		};
/* End PBXFrameworksBuildPhase section */

/* Begin PBXGroup section */
		BF2121A51B34538900A5D126 /* views */ = {
			isa = PBXGroup;
			children = (
				BF2121A91B3453B600A5D126 /* OTPAuthBarClock.h */,
				BF2121AA1B3453B600A5D126 /* OTPAuthBarClock.m */,
				BF2121A61B3453A100A5D126 /* UIColor+MobileColors.h */,
				BF2121A71B3453A100A5D126 /* UIColor+MobileColors.m */,
			);
			name = views;
			sourceTree = "<group>";
		};
		BF257C031B175662001FA169 /* ProgressView */ = {
			isa = PBXGroup;
			children = (
				BF257C041B175682001FA169 /* TPPropertyAnimation.h */,
				BF257C051B175682001FA169 /* TPPropertyAnimation.m */,
				BF257C061B175682001FA169 /* KAProgressLabel.h */,
				BF257C071B175682001FA169 /* KAProgressLabel.m */,
			);
			name = ProgressView;
			sourceTree = "<group>";
		};
		BF43D25E1B260E0300D4B1AC /* dao */ = {
			isa = PBXGroup;
			children = (
				BF43D25F1B260E1F00D4B1AC /* OTPDao.h */,
				BF43D2601B260E1F00D4B1AC /* OTPDao.m */,
			);
			name = dao;
			sourceTree = "<group>";
		};
		BF43D2651B260F9000D4B1AC /* model */ = {
			isa = PBXGroup;
			children = (
				BF43D2661B260F9F00D4B1AC /* OTP.h */,
				BF43D2671B260F9F00D4B1AC /* OTP.m */,
			);
			name = model;
			sourceTree = "<group>";
		};
		BF43D2691B26109500D4B1AC /* OTPLibs */ = {
			isa = PBXGroup;
			children = (
				BF43D2701B2618CF00D4B1AC /* OTPGen */,
				BF43D26F1B26170C00D4B1AC /* AGOTP */,
				BF43D26E1B2612FE00D4B1AC /* IOTP.h */,
				BF43D2801B261C9500D4B1AC /* OTPGen.h */,
				BF43D2811B261C9500D4B1AC /* OTPGen.m */,
			);
			name = OTPLibs;
			sourceTree = "<group>";
		};
		BF43D26D1B26118700D4B1AC /* controller */ = {
			isa = PBXGroup;
			children = (
				BF43D26A1B26116C00D4B1AC /* OTPController.h */,
				BF43D26B1B26116C00D4B1AC /* OTPController.m */,
			);
			name = controller;
			sourceTree = "<group>";
		};
		BF43D26F1B26170C00D4B1AC /* AGOTP */ = {
			isa = PBXGroup;
			children = (
				BF43D2711B26198100D4B1AC /* AGTotp.h */,
				BF43D2721B26198100D4B1AC /* AGTotp.m */,
				BF43D2731B26198100D4B1AC /* AGOtp.h */,
				BF43D2741B26198100D4B1AC /* AGOtp.m */,
				BF43D2751B26198100D4B1AC /* AGClock.h */,
				BF43D2761B26198100D4B1AC /* AGClock.m */,
				BF43D2771B26198100D4B1AC /* AGStringEncoding.h */,
				BF43D2781B26198100D4B1AC /* AGStringEncoding.m */,
				BF43D2791B26198100D4B1AC /* AGBase32.h */,
				BF43D27A1B26198100D4B1AC /* AGBase32.m */,
			);
			name = AGOTP;
			sourceTree = "<group>";
		};
		BF43D2701B2618CF00D4B1AC /* OTPGen */ = {
			isa = PBXGroup;
			children = (
				BF554B5A1B14F64000FB2EEE /* OTPGenerator.h */,
				BF554B5B1B14F64000FB2EEE /* OTPGenerator.m */,
				BF554B5C1B14F64000FB2EEE /* TOTPGenerator.h */,
				BF554B5D1B14F64000FB2EEE /* TOTPGenerator.m */,
				BF554B5E1B14F64000FB2EEE /* MF_Base32Additions.h */,
				BF554B5F1B14F64000FB2EEE /* MF_Base32Additions.m */,
			);
			name = OTPGen;
			sourceTree = "<group>";
		};
		BF4D96C21B32F07900456B61 /* Old */ = {
			isa = PBXGroup;
			children = (
				BF554B531B14F2DE00FB2EEE /* OtpViewController.h */,
				BF554B541B14F2DE00FB2EEE /* OtpViewController.m */,
				BF554B551B14F2DE00FB2EEE /* OtpViewController.xib */,
			);
			name = Old;
			sourceTree = "<group>";
		};
		BF4D96C81B3326C300456B61 /* cell */ = {
			isa = PBXGroup;
			children = (
				BF4D96C91B3326E700456B61 /* OTPTableViewCell.h */,
				BF4D96CA1B3326E700456B61 /* OTPTableViewCell.m */,
				BF4D96CB1B3326E700456B61 /* OTPTableViewCell.xib */,
			);
			name = cell;
			sourceTree = "<group>";
		};
		BF554B111B14F29E00FB2EEE = {
			isa = PBXGroup;
			children = (
				BF4D96C21B32F07900456B61 /* Old */,
				BF554B251B14F29E00FB2EEE /* OTP-Test */,
				BF554B421B14F29E00FB2EEE /* OTP-TestTests */,
				BF554B1C1B14F29E00FB2EEE /* Frameworks */,
				BF554B1B1B14F29E00FB2EEE /* Products */,
			);
			sourceTree = "<group>";
		};
		BF554B1B1B14F29E00FB2EEE /* Products */ = {
			isa = PBXGroup;
			children = (
				BF554B1A1B14F29E00FB2EEE /* OTP-Test.app */,
				BF554B3A1B14F29E00FB2EEE /* OTP-TestTests.xctest */,
			);
			name = Products;
			sourceTree = "<group>";
		};
		BF554B1C1B14F29E00FB2EEE /* Frameworks */ = {
			isa = PBXGroup;
			children = (
				BF554B1D1B14F29E00FB2EEE /* Foundation.framework */,
				BF554B1F1B14F29E00FB2EEE /* CoreGraphics.framework */,
				BF554B211B14F29E00FB2EEE /* UIKit.framework */,
				BF554B231B14F29E00FB2EEE /* CoreData.framework */,
				BF554B3B1B14F29E00FB2EEE /* XCTest.framework */,
			);
			name = Frameworks;
			sourceTree = "<group>";
		};
		BF554B251B14F29E00FB2EEE /* OTP-Test */ = {
			isa = PBXGroup;
			children = (
				BFAA1BC71B31FA1F0040B13F /* copiar.png */,
				BF17FB8E1B2B48D6007D19C2 /* launch_retina.png */,
				BF17FB8F1B2B48D6007D19C2 /* launch_iphone.png */,
				BFB849431B28DA0400214B7B /* logo-120.png */,
				BFB849441B28DA0400214B7B /* logo-80.png */,
				BFB849451B28DA0400214B7B /* logo-58.png */,
				BFB849461B28DA0400214B7B /* logo-96.png */,
				BFB8493D1B28D7BB00214B7B /* logo-60.png */,
				BFB8493E1B28D7BB00214B7B /* logo-40.png */,
				BFB8493F1B28D7BB00214B7B /* logo-29.png */,
				BF1B3BDA1B21EABE000BED6B /* Logo_BancoSantander.png */,
				BF1B3BD91B21EABE000BED6B /* produban-logo-.png */,
				BFB8493B1B28C4B700214B7B /* produban-logo.png */,
				BF554B521B14F2B300FB2EEE /* Classes */,
				BF554B2E1B14F29E00FB2EEE /* AppDelegate.h */,
				BF554B2F1B14F29E00FB2EEE /* AppDelegate.m */,
				BF554B581B14F3C500FB2EEE /* bg.png */,
				BF554B341B14F29E00FB2EEE /* Images.xcassets */,
				BF554B311B14F29E00FB2EEE /* OTP_Test.xcdatamodeld */,
				BF554B261B14F29E00FB2EEE /* Supporting Files */,
				BF466A561B1646E60004DCFC /* QrCodeViewController.h */,
				BF466A571B1646E60004DCFC /* QrCodeViewController.m */,
				BF466A581B1646E60004DCFC /* QrCodeViewController.xib */,
				BF466A5B1B1649A10004DCFC /* QrCodeDelegate.h */,
				BF4D96C31B33253F00456B61 /* OTPTableViewController.h */,
				BF4D96C41B33253F00456B61 /* OTPTableViewController.m */,
				BF4D96C51B33253F00456B61 /* OTPTableViewController.xib */,
			);
			path = "OTP-Test";
			sourceTree = "<group>";
		};
		BF554B261B14F29E00FB2EEE /* Supporting Files */ = {
			isa = PBXGroup;
			children = (
				BF554B271B14F29E00FB2EEE /* OTP-Test-Info.plist */,
				BF554B281B14F29E00FB2EEE /* InfoPlist.strings */,
				BF554B2B1B14F29E00FB2EEE /* main.m */,
				BF554B2D1B14F29E00FB2EEE /* OTP-Test-Prefix.pch */,
			);
			name = "Supporting Files";
			sourceTree = "<group>";
		};
		BF554B421B14F29E00FB2EEE /* OTP-TestTests */ = {
			isa = PBXGroup;
			children = (
				BF554B481B14F29E00FB2EEE /* OTP_TestTests.m */,
				BF554B431B14F29E00FB2EEE /* Supporting Files */,
			);
			path = "OTP-TestTests";
			sourceTree = "<group>";
		};
		BF554B431B14F29E00FB2EEE /* Supporting Files */ = {
			isa = PBXGroup;
			children = (
				BF554B441B14F29E00FB2EEE /* OTP-TestTests-Info.plist */,
				BF554B451B14F29E00FB2EEE /* InfoPlist.strings */,
			);
			name = "Supporting Files";
			sourceTree = "<group>";
		};
		BF554B521B14F2B300FB2EEE /* Classes */ = {
			isa = PBXGroup;
			children = (
				BF2121A51B34538900A5D126 /* views */,
				BF4D96C81B3326C300456B61 /* cell */,
				BF43D26D1B26118700D4B1AC /* controller */,
				BF43D2691B26109500D4B1AC /* OTPLibs */,
				BF43D2651B260F9000D4B1AC /* model */,
				BF43D25E1B260E0300D4B1AC /* dao */,
				BF257C031B175662001FA169 /* ProgressView */,
			);
			name = Classes;
			sourceTree = "<group>";
		};
/* End PBXGroup section */

/* Begin PBXNativeTarget section */
		BF554B191B14F29E00FB2EEE /* OTP-Test */ = {
			isa = PBXNativeTarget;
			buildConfigurationList = BF554B4C1B14F29E00FB2EEE /* Build configuration list for PBXNativeTarget "OTP-Test" */;
			buildPhases = (
				BF554B161B14F29E00FB2EEE /* Sources */,
				BF554B171B14F29E00FB2EEE /* Frameworks */,
				BF554B181B14F29E00FB2EEE /* Resources */,
			);
			buildRules = (
			);
			dependencies = (
			);
			name = "OTP-Test";
			productName = "OTP-Test";
			productReference = BF554B1A1B14F29E00FB2EEE /* OTP-Test.app */;
			productType = "com.apple.product-type.application";
		};
		BF554B391B14F29E00FB2EEE /* OTP-TestTests */ = {
			isa = PBXNativeTarget;
			buildConfigurationList = BF554B4F1B14F29E00FB2EEE /* Build configuration list for PBXNativeTarget "OTP-TestTests" */;
			buildPhases = (
				BF554B361B14F29E00FB2EEE /* Sources */,
				BF554B371B14F29E00FB2EEE /* Frameworks */,
				BF554B381B14F29E00FB2EEE /* Resources */,
			);
			buildRules = (
			);
			dependencies = (
				BF554B411B14F29E00FB2EEE /* PBXTargetDependency */,
			);
			name = "OTP-TestTests";
			productName = "OTP-TestTests";
			productReference = BF554B3A1B14F29E00FB2EEE /* OTP-TestTests.xctest */;
			productType = "com.apple.product-type.bundle.unit-test";
		};
/* End PBXNativeTarget section */

/* Begin PBXProject section */
		BF554B121B14F29E00FB2EEE /* Project object */ = {
			isa = PBXProject;
			attributes = {
				LastUpgradeCheck = 0510;
				ORGANIZATIONNAME = Produban;
				TargetAttributes = {
					BF554B191B14F29E00FB2EEE = {
						DevelopmentTeam = 4P8K8QW8JL;
					};
					BF554B391B14F29E00FB2EEE = {
						TestTargetID = BF554B191B14F29E00FB2EEE;
					};
				};
			};
			buildConfigurationList = BF554B151B14F29E00FB2EEE /* Build configuration list for PBXProject "OTP-Test" */;
			compatibilityVersion = "Xcode 3.2";
			developmentRegion = English;
			hasScannedForEncodings = 0;
			knownRegions = (
				en,
			);
			mainGroup = BF554B111B14F29E00FB2EEE;
			productRefGroup = BF554B1B1B14F29E00FB2EEE /* Products */;
			projectDirPath = "";
			projectRoot = "";
			targets = (
				BF554B191B14F29E00FB2EEE /* OTP-Test */,
				BF554B391B14F29E00FB2EEE /* OTP-TestTests */,
			);
		};
/* End PBXProject section */

/* Begin PBXResourcesBuildPhase section */
		BF554B181B14F29E00FB2EEE /* Resources */ = {
			isa = PBXResourcesBuildPhase;
			buildActionMask = 2147483647;
			files = (
				BF1B3BDC1B21EABE000BED6B /* Logo_BancoSantander.png in Resources */,
				BF17FB901B2B48D6007D19C2 /* launch_retina.png in Resources */,
				BF17FB911B2B48D6007D19C2 /* launch_iphone.png in Resources */,
				BFB849491B28DA0400214B7B /* logo-58.png in Resources */,
				BFB849401B28D7BB00214B7B /* logo-60.png in Resources */,
				BF554B2A1B14F29E00FB2EEE /* InfoPlist.strings in Resources */,
				BF554B571B14F2DE00FB2EEE /* OtpViewController.xib in Resources */,
				BFAA1BC81B31FA1F0040B13F /* copiar.png in Resources */,
				BF554B591B14F3C500FB2EEE /* bg.png in Resources */,
				BFB849471B28DA0400214B7B /* logo-120.png in Resources */,
				BF1B3BDB1B21EABE000BED6B /* produban-logo-.png in Resources */,
				BF4D96CD1B3326E700456B61 /* OTPTableViewCell.xib in Resources */,
				BF466A5A1B1646E60004DCFC /* QrCodeViewController.xib in Resources */,
				BFB849481B28DA0400214B7B /* logo-80.png in Resources */,
				BF554B351B14F29E00FB2EEE /* Images.xcassets in Resources */,
				BF4D96C71B33253F00456B61 /* OTPTableViewController.xib in Resources */,
				BFB849411B28D7BB00214B7B /* logo-40.png in Resources */,
				BFB8494A1B28DA0400214B7B /* logo-96.png in Resources */,
				BFB8493C1B28C4B700214B7B /* produban-logo.png in Resources */,
				BFB849421B28D7BB00214B7B /* logo-29.png in Resources */,
			);
			runOnlyForDeploymentPostprocessing = 0;
		};
		BF554B381B14F29E00FB2EEE /* Resources */ = {
			isa = PBXResourcesBuildPhase;
			buildActionMask = 2147483647;
			files = (
				BF554B471B14F29E00FB2EEE /* InfoPlist.strings in Resources */,
			);
			runOnlyForDeploymentPostprocessing = 0;
		};
/* End PBXResourcesBuildPhase section */

/* Begin PBXSourcesBuildPhase section */
		BF554B161B14F29E00FB2EEE /* Sources */ = {
			isa = PBXSourcesBuildPhase;
			buildActionMask = 2147483647;
			files = (
				BF4D96CC1B3326E700456B61 /* OTPTableViewCell.m in Sources */,
				BF2121A81B3453A100A5D126 /* UIColor+MobileColors.m in Sources */,
				BF554B561B14F2DE00FB2EEE /* OtpViewController.m in Sources */,
				BF4D96C61B33253F00456B61 /* OTPTableViewController.m in Sources */,
				BF554B301B14F29E00FB2EEE /* AppDelegate.m in Sources */,
				BF43D26C1B26116C00D4B1AC /* OTPController.m in Sources */,
				BF554B601B14F64000FB2EEE /* OTPGenerator.m in Sources */,
				BF43D2681B260F9F00D4B1AC /* OTP.m in Sources */,
				BF2121AB1B3453B600A5D126 /* OTPAuthBarClock.m in Sources */,
				BF43D27E1B26198100D4B1AC /* AGStringEncoding.m in Sources */,
				BF257C081B175682001FA169 /* TPPropertyAnimation.m in Sources */,
				BF554B2C1B14F29E00FB2EEE /* main.m in Sources */,
				BF554B611B14F64000FB2EEE /* TOTPGenerator.m in Sources */,
				BF43D27D1B26198100D4B1AC /* AGClock.m in Sources */,
				BF554B331B14F29E00FB2EEE /* OTP_Test.xcdatamodeld in Sources */,
				BF466A591B1646E60004DCFC /* QrCodeViewController.m in Sources */,
				BF43D27B1B26198100D4B1AC /* AGTotp.m in Sources */,
				BF554B621B14F64000FB2EEE /* MF_Base32Additions.m in Sources */,
				BF43D27C1B26198100D4B1AC /* AGOtp.m in Sources */,
				BF257C091B175682001FA169 /* KAProgressLabel.m in Sources */,
				BF43D2611B260E1F00D4B1AC /* OTPDao.m in Sources */,
				BF43D27F1B26198100D4B1AC /* AGBase32.m in Sources */,
				BF43D2821B261C9500D4B1AC /* OTPGen.m in Sources */,
			);
			runOnlyForDeploymentPostprocessing = 0;
		};
		BF554B361B14F29E00FB2EEE /* Sources */ = {
			isa = PBXSourcesBuildPhase;
			buildActionMask = 2147483647;
			files = (
				BF554B491B14F29E00FB2EEE /* OTP_TestTests.m in Sources */,
			);
			runOnlyForDeploymentPostprocessing = 0;
		};
/* End PBXSourcesBuildPhase section */

/* Begin PBXTargetDependency section */
		BF554B411B14F29E00FB2EEE /* PBXTargetDependency */ = {
			isa = PBXTargetDependency;
			target = BF554B191B14F29E00FB2EEE /* OTP-Test */;
			targetProxy = BF554B401B14F29E00FB2EEE /* PBXContainerItemProxy */;
		};
/* End PBXTargetDependency section */

/* Begin PBXVariantGroup section */
		BF554B281B14F29E00FB2EEE /* InfoPlist.strings */ = {
			isa = PBXVariantGroup;
			children = (
				BF554B291B14F29E00FB2EEE /* en */,
			);
			name = InfoPlist.strings;
			sourceTree = "<group>";
		};
		BF554B451B14F29E00FB2EEE /* InfoPlist.strings */ = {
			isa = PBXVariantGroup;
			children = (
				BF554B461B14F29E00FB2EEE /* en */,
			);
			name = InfoPlist.strings;
			sourceTree = "<group>";
		};
/* End PBXVariantGroup section */

/* Begin XCBuildConfiguration section */
		BF554B4A1B14F29E00FB2EEE /* Debug */ = {
			isa = XCBuildConfiguration;
			buildSettings = {
				ALWAYS_SEARCH_USER_PATHS = NO;
				CLANG_CXX_LANGUAGE_STANDARD = "gnu++0x";
				CLANG_CXX_LIBRARY = "libc++";
				CLANG_ENABLE_MODULES = YES;
				CLANG_ENABLE_OBJC_ARC = YES;
				CLANG_WARN_BOOL_CONVERSION = YES;
				CLANG_WARN_CONSTANT_CONVERSION = YES;
				CLANG_WARN_DIRECT_OBJC_ISA_USAGE = YES_ERROR;
				CLANG_WARN_EMPTY_BODY = YES;
				CLANG_WARN_ENUM_CONVERSION = YES;
				CLANG_WARN_INT_CONVERSION = YES;
				CLANG_WARN_OBJC_ROOT_CLASS = YES_ERROR;
				CLANG_WARN__DUPLICATE_METHOD_MATCH = YES;
				"CODE_SIGN_IDENTITY[sdk=iphoneos*]" = "iPhone Developer";
				COPY_PHASE_STRIP = NO;
				GCC_C_LANGUAGE_STANDARD = gnu99;
				GCC_DYNAMIC_NO_PIC = NO;
				GCC_OPTIMIZATION_LEVEL = 0;
				GCC_PREPROCESSOR_DEFINITIONS = (
					"DEBUG=1",
					"$(inherited)",
				);
				GCC_SYMBOLS_PRIVATE_EXTERN = NO;
				GCC_WARN_64_TO_32_BIT_CONVERSION = YES;
				GCC_WARN_ABOUT_RETURN_TYPE = YES_ERROR;
				GCC_WARN_UNDECLARED_SELECTOR = YES;
				GCC_WARN_UNINITIALIZED_AUTOS = YES_AGGRESSIVE;
				GCC_WARN_UNUSED_FUNCTION = YES;
				GCC_WARN_UNUSED_VARIABLE = YES;
				IPHONEOS_DEPLOYMENT_TARGET = 7.1;
				ONLY_ACTIVE_ARCH = YES;
				SDKROOT = iphoneos;
			};
			name = Debug;
		};
		BF554B4B1B14F29E00FB2EEE /* Release */ = {
			isa = XCBuildConfiguration;
			buildSettings = {
				ALWAYS_SEARCH_USER_PATHS = NO;
				CLANG_CXX_LANGUAGE_STANDARD = "gnu++0x";
				CLANG_CXX_LIBRARY = "libc++";
				CLANG_ENABLE_MODULES = YES;
				CLANG_ENABLE_OBJC_ARC = YES;
				CLANG_WARN_BOOL_CONVERSION = YES;
				CLANG_WARN_CONSTANT_CONVERSION = YES;
				CLANG_WARN_DIRECT_OBJC_ISA_USAGE = YES_ERROR;
				CLANG_WARN_EMPTY_BODY = YES;
				CLANG_WARN_ENUM_CONVERSION = YES;
				CLANG_WARN_INT_CONVERSION = YES;
				CLANG_WARN_OBJC_ROOT_CLASS = YES_ERROR;
				CLANG_WARN__DUPLICATE_METHOD_MATCH = YES;
				"CODE_SIGN_IDENTITY[sdk=iphoneos*]" = "iPhone Developer";
				COPY_PHASE_STRIP = YES;
				ENABLE_NS_ASSERTIONS = NO;
				GCC_C_LANGUAGE_STANDARD = gnu99;
				GCC_WARN_64_TO_32_BIT_CONVERSION = YES;
				GCC_WARN_ABOUT_RETURN_TYPE = YES_ERROR;
				GCC_WARN_UNDECLARED_SELECTOR = YES;
				GCC_WARN_UNINITIALIZED_AUTOS = YES_AGGRESSIVE;
				GCC_WARN_UNUSED_FUNCTION = YES;
				GCC_WARN_UNUSED_VARIABLE = YES;
				IPHONEOS_DEPLOYMENT_TARGET = 7.1;
				SDKROOT = iphoneos;
				VALIDATE_PRODUCT = YES;
			};
			name = Release;
		};
		BF554B4D1B14F29E00FB2EEE /* Debug */ = {
			isa = XCBuildConfiguration;
			buildSettings = {
				CODE_SIGN_IDENTITY = "iPhone Distribution: Produban Servi�os de Inform�tica S/A.";
				GCC_PRECOMPILE_PREFIX_HEADER = YES;
				GCC_PREFIX_HEADER = "OTP-Test/OTP-Test-Prefix.pch";
				INFOPLIST_FILE = "OTP-Test/OTP-Test-Info.plist";
				PRODUCT_NAME = "$(TARGET_NAME)";
				PROVISIONING_PROFILE = "1eec9375-996d-4429-9677-7017565a9790";
				WRAPPER_EXTENSION = app;
			};
			name = Debug;
		};
		BF554B4E1B14F29E00FB2EEE /* Release */ = {
			isa = XCBuildConfiguration;
			buildSettings = {
				CODE_SIGN_IDENTITY = "iPhone Distribution: Produban Servi�os de Inform�tica S/A.";
				GCC_PRECOMPILE_PREFIX_HEADER = YES;
				GCC_PREFIX_HEADER = "OTP-Test/OTP-Test-Prefix.pch";
				INFOPLIST_FILE = "OTP-Test/OTP-Test-Info.plist";
				PRODUCT_NAME = "$(TARGET_NAME)";
				PROVISIONING_PROFILE = "1eec9375-996d-4429-9677-7017565a9790";
				WRAPPER_EXTENSION = app;
			};
			name = Release;
		};
		BF554B501B14F29E00FB2EEE /* Debug */ = {
			isa = XCBuildConfiguration;
			buildSettings = {
				BUNDLE_LOADER = "$(BUILT_PRODUCTS_DIR)/OTP-Test.app/OTP-Test";
				FRAMEWORK_SEARCH_PATHS = (
					"$(SDKROOT)/Developer/Library/Frameworks",
					"$(inherited)",
					"$(DEVELOPER_FRAMEWORKS_DIR)",
				);
				GCC_PRECOMPILE_PREFIX_HEADER = YES;
				GCC_PREFIX_HEADER = "OTP-Test/OTP-Test-Prefix.pch";
				GCC_PREPROCESSOR_DEFINITIONS = (
					"DEBUG=1",
					"$(inherited)",
				);
				INFOPLIST_FILE = "OTP-TestTests/OTP-TestTests-Info.plist";
				PRODUCT_NAME = "$(TARGET_NAME)";
				TEST_HOST = "$(BUNDLE_LOADER)";
				WRAPPER_EXTENSION = xctest;
			};
			name = Debug;
		};
		BF554B511B14F29E00FB2EEE /* Release */ = {
			isa = XCBuildConfiguration;
			buildSettings = {
				BUNDLE_LOADER = "$(BUILT_PRODUCTS_DIR)/OTP-Test.app/OTP-Test";
				FRAMEWORK_SEARCH_PATHS = (
					"$(SDKROOT)/Developer/Library/Frameworks",
					"$(inherited)",
					"$(DEVELOPER_FRAMEWORKS_DIR)",
				);
				GCC_PRECOMPILE_PREFIX_HEADER = YES;
				GCC_PREFIX_HEADER = "OTP-Test/OTP-Test-Prefix.pch";
				INFOPLIST_FILE = "OTP-TestTests/OTP-TestTests-Info.plist";
				PRODUCT_NAME = "$(TARGET_NAME)";
				TEST_HOST = "$(BUNDLE_LOADER)";
				WRAPPER_EXTENSION = xctest;
			};
			name = Release;
		};
/* End XCBuildConfiguration section */

/* Begin XCConfigurationList section */
		BF554B151B14F29E00FB2EEE /* Build configuration list for PBXProject "OTP-Test" */ = {
			isa = XCConfigurationList;
			buildConfigurations = (
				BF554B4A1B14F29E00FB2EEE /* Debug */,
				BF554B4B1B14F29E00FB2EEE /* Release */,
			);
			defaultConfigurationIsVisible = 0;
			defaultConfigurationName = Release;
		};
		BF554B4C1B14F29E00FB2EEE /* Build configuration list for PBXNativeTarget "OTP-Test" */ = {
			isa = XCConfigurationList;
			buildConfigurations = (
				BF554B4D1B14F29E00FB2EEE /* Debug */,
				BF554B4E1B14F29E00FB2EEE /* Release */,
			);
			defaultConfigurationIsVisible = 0;
			defaultConfigurationName = Release;
		};
		BF554B4F1B14F29E00FB2EEE /* Build configuration list for PBXNativeTarget "OTP-TestTests" */ = {
			isa = XCConfigurationList;
			buildConfigurations = (
				BF554B501B14F29E00FB2EEE /* Debug */,
				BF554B511B14F29E00FB2EEE /* Release */,
			);
			defaultConfigurationIsVisible = 0;
			defaultConfigurationName = Release;
		};
/* End XCConfigurationList section */

/* Begin XCVersionGroup section */
		BF554B311B14F29E00FB2EEE /* OTP_Test.xcdatamodeld */ = {
			isa = XCVersionGroup;
			children = (
				BF554B321B14F29E00FB2EEE /* OTP_Test.xcdatamodel */,
			);
			currentVersion = BF554B321B14F29E00FB2EEE /* OTP_Test.xcdatamodel */;
			path = OTP_Test.xcdatamodeld;
			sourceTree = "<group>";
			versionGroupType = wrapper.xcdatamodel;
		};
/* End XCVersionGroup section */
	};
	rootObject = BF554B121B14F29E00FB2EEE /* Project object */;
}
